
Microsoft Visual Studio Solution File, Format Version 12.00
# Visual Studio Version 17
VisualStudioVersion = 17.0.31903.59
MinimumVisualStudioVersion = 10.0.40219.1
Project("{9A19103F-16F7-4668-BE54-9A1E7A4F7556}") = "WebProject", "WebProject\WebProject.csproj", "{0FE36885-5E57-434B-99FE-08D94C02B5A9}"
EndProject
Project("{FAE04EC0-301F-11D3-BF4B-00C04F79EFBC}") = "TesterdeTest.Tests", "TesterdeTest\TesterdeTest.Tests.csproj", "{B412D635-1E01-4BED-B86A-956B577EF1E6}"
EndProject
Project("{FAE04EC0-301F-11D3-BF4B-00C04F79EFBC}") = "TestProject1", "TestProject1\TestProject1.csproj", "{556131D4-9D83-4DD3-9A8C-1E787ED156A5}"
EndProject
Global
	GlobalSection(SolutionConfigurationPlatforms) = preSolution
		Debug|Any CPU = Debug|Any CPU
		Release|Any CPU = Release|Any CPU
	EndGlobalSection
	GlobalSection(ProjectConfigurationPlatforms) = postSolution
		{0FE36885-5E57-434B-99FE-08D94C02B5A9}.Debug|Any CPU.ActiveCfg = Debug|Any CPU
		{0FE36885-5E57-434B-99FE-08D94C02B5A9}.Debug|Any CPU.Build.0 = Debug|Any CPU
		{0FE36885-5E57-434B-99FE-08D94C02B5A9}.Release|Any CPU.ActiveCfg = Release|Any CPU
		{0FE36885-5E57-434B-99FE-08D94C02B5A9}.Release|Any CPU.Build.0 = Release|Any CPU
		{B412D635-1E01-4BED-B86A-956B577EF1E6}.Debug|Any CPU.ActiveCfg = Debug|Any CPU
		{B412D635-1E01-4BED-B86A-956B577EF1E6}.Debug|Any CPU.Build.0 = Debug|Any CPU
		{B412D635-1E01-4BED-B86A-956B577EF1E6}.Release|Any CPU.ActiveCfg = Release|Any CPU
		{B412D635-1E01-4BED-B86A-956B577EF1E6}.Release|Any CPU.Build.0 = Release|Any CPU
		{556131D4-9D83-4DD3-9A8C-1E787ED156A5}.Debug|Any CPU.ActiveCfg = Debug|Any CPU
		{556131D4-9D83-4DD3-9A8C-1E787ED156A5}.Debug|Any CPU.Build.0 = Debug|Any CPU
		{556131D4-9D83-4DD3-9A8C-1E787ED156A5}.Release|Any CPU.ActiveCfg = Release|Any CPU
		{556131D4-9D83-4DD3-9A8C-1E787ED156A5}.Release|Any CPU.Build.0 = Release|Any CPU
	EndGlobalSection
	GlobalSection(SolutionProperties) = preSolution
		HideSolutionNode = FALSE
	EndGlobalSection
	GlobalSection(ExtensibilityGlobals) = postSolution
		SolutionGuid = {43812D0B-C41B-4DB3-8450-1540641D07C7}
	EndGlobalSection
EndGlobal
